<?xml version="1.0" encoding="utf-8"?>
<Project ToolsVersion="4.0" xmlns="http://schemas.microsoft.com/developer/msbuild/2003">
  <ItemGroup>
    <Filter Include="ClassDiagram">
      <UniqueIdentifier>{4FC737F1-C7A5-4376-A066-2A32D752A2FF}</UniqueIdentifier>
      <Extensions>cpp;c;cc;cxx;def;odl;idl;hpj;bat;asm;asmx</Extensions>
    </Filter>
    <Filter Include="MouseAction">
      <UniqueIdentifier>{df10898e-b180-49b9-b6a1-b1f92fc4dc94}</UniqueIdentifier>
    </Filter>
    <Filter Include="Relationship">
      <UniqueIdentifier>{906d5de1-610c-41af-8edb-b35c91950de1}</UniqueIdentifier>
    </Filter>
    <Filter Include="Diagram">
      <UniqueIdentifier>{42c39bb8-a484-4b69-acfb-db4a11a7d226}</UniqueIdentifier>
    </Filter>
    <Filter Include="Resource">
      <UniqueIdentifier>{67DA6AB6-F800-4c08-8B7A-83BB121AAD01}</UniqueIdentifier>
      <Extensions>rc;ico;cur;bmp;dlg;rc2;rct;bin;rgs;gif;jpg;jpeg;jpe;resx;tiff;tif;png;wav;mfcribbon-ms</Extensions>
    </Filter>
    <Filter Include="ScrollBar">
      <UniqueIdentifier>{8a987566-45b4-4852-9630-3923117e1202}</UniqueIdentifier>
    </Filter>
    <Filter Include="Menu">
      <UniqueIdentifier>{875438d8-f102-470a-a207-cf2e8c152d32}</UniqueIdentifier>
    </Filter>
    <Filter Include="Print">
      <UniqueIdentifier>{ab0b2afc-66a8-4c56-bc66-62f3d7c4029e}</UniqueIdentifier>
    </Filter>
    <Filter Include="Separator">
      <UniqueIdentifier>{6988e004-408d-4eb3-94fe-c73c0831e583}</UniqueIdentifier>
    </Filter>
    <Filter Include="Separator\TextEdit">
      <UniqueIdentifier>{b22c70e7-0fae-4da6-8085-8c77088a9023}</UniqueIdentifier>
    </Filter>
    <Filter Include="Separator\KeyAction">
      <UniqueIdentifier>{bff99018-4c2a-45bf-9b36-4d2620ccfd3a}</UniqueIdentifier>
    </Filter>
    <Filter Include="Separator\KeyAction\GraphicKeyAction">
      <UniqueIdentifier>{cacda3ed-fc94-4b44-886b-6f547b468a0c}</UniqueIdentifier>
    </Filter>
    <Filter Include="Separator\KeyAction\TextEditKeyAction">
      <UniqueIdentifier>{16d80ff2-a657-44a1-b3e9-565cde0ae1cf}</UniqueIdentifier>
    </Filter>
    <Filter Include="Separator\Iter, Visi, App, etc">
      <UniqueIdentifier>{95670173-f31d-4238-8009-bdb0f290621a}</UniqueIdentifier>
    </Filter>
  </ItemGroup>
  <ItemGroup>
    <ClInclude Include="Text.h">
      <Filter>Separator\TextEdit</Filter>
    </ClInclude>
    <ClInclude Include="TextAreaSelected.h">
      <Filter>Separator\TextEdit</Filter>
    </ClInclude>
    <ClInclude Include="TextComponent.h">
      <Filter>Separator\TextEdit</Filter>
    </ClInclude>
    <ClInclude Include="TextComposite.h">
      <Filter>Separator\TextEdit</Filter>
    </ClInclude>
    <ClInclude Include="WritingVisitor.h">
      <Filter>Separator\TextEdit</Filter>
    </ClInclude>
    <ClInclude Include="SingleByteCharacter.h">
      <Filter>Separator\TextEdit</Filter>
    </ClInclude>
    <ClInclude Include="Row.h">
      <Filter>Separator\TextEdit</Filter>
    </ClInclude>
    <ClInclude Include="HistoryText.h">
      <Filter>Separator\TextEdit</Filter>
    </ClInclude>
    <ClInclude Include="DoubleByteCharacter.h">
      <Filter>Separator\TextEdit</Filter>
    </ClInclude>
    <ClInclude Include="Caret.h">
      <Filter>Separator\TextEdit</Filter>
    </ClInclude>
    <ClInclude Include="Character.h">
      <Filter>Separator\TextEdit</Filter>
    </ClInclude>
    <ClInclude Include="DeleteTextAreaSelected.h">
      <Filter>Separator\TextEdit</Filter>
    </ClInclude>
    <ClInclude Include="DeleteTextArea.h">
      <Filter>Separator\TextEdit</Filter>
    </ClInclude>
    <ClInclude Include="WriteKoreanTextProcess.h">
      <Filter>Separator\TextEdit</Filter>
    </ClInclude>
    <ClInclude Include="WriteKoreanText.h">
      <Filter>Separator\TextEdit</Filter>
    </ClInclude>
    <ClInclude Include="DoubleClickTextArea.h">
      <Filter>Separator\TextEdit</Filter>
    </ClInclude>
    <ClInclude Include="DoubleClickTextAreaProcess.h">
      <Filter>Separator\TextEdit</Filter>
    </ClInclude>
    <ClInclude Include="TextAreaSelectedProcess.h">
      <Filter>Separator\TextEdit</Filter>
    </ClInclude>
    <ClInclude Include="FontSet.h">
      <Filter>Separator\TextEdit</Filter>
    </ClInclude>
    <ClInclude Include="EditResizerProcess.h">
      <Filter>Separator\TextEdit</Filter>
    </ClInclude>
    <ClInclude Include="EditResizer.h">
      <Filter>Separator\TextEdit</Filter>
    </ClInclude>
    <ClInclude Include="BackSpaceKey.h">
      <Filter>Separator\KeyAction\TextEditKeyAction</Filter>
    </ClInclude>
    <ClInclude Include="CtrlAllKey.h">
      <Filter>Separator\KeyAction\TextEditKeyAction</Filter>
    </ClInclude>
    <ClInclude Include="CtrlCopyKey.h">
      <Filter>Separator\KeyAction\TextEditKeyAction</Filter>
    </ClInclude>
    <ClInclude Include="CtrlCutKey.h">
      <Filter>Separator\KeyAction\TextEditKeyAction</Filter>
    </ClInclude>
    <ClInclude Include="CtrlEnterKey.h">
      <Filter>Separator\KeyAction\TextEditKeyAction</Filter>
    </ClInclude>
    <ClInclude Include="CtrlPasteKey.h">
      <Filter>Separator\KeyAction\TextEditKeyAction</Filter>
    </ClInclude>
    <ClInclude Include="CtrlRedoTextKey.h">
      <Filter>Separator\KeyAction\TextEditKeyAction</Filter>
    </ClInclude>
    <ClInclude Include="CtrlUndoTextKey.h">
      <Filter>Separator\KeyAction\TextEditKeyAction</Filter>
    </ClInclude>
    <ClInclude Include="UpArrowKey.h">
      <Filter>Separator\KeyAction\TextEditKeyAction</Filter>
    </ClInclude>
    <ClInclude Include="TabKey.h">
      <Filter>Separator\KeyAction\TextEditKeyAction</Filter>
    </ClInclude>
    <ClInclude Include="SpaceKey.h">
      <Filter>Separator\KeyAction\TextEditKeyAction</Filter>
    </ClInclude>
    <ClInclude Include="RightArrowKey.h">
      <Filter>Separator\KeyAction\TextEditKeyAction</Filter>
    </ClInclude>
    <ClInclude Include="PlusKey.h">
      <Filter>Separator\KeyAction\TextEditKeyAction</Filter>
    </ClInclude>
    <ClInclude Include="MinusKey.h">
      <Filter>Separator\KeyAction\TextEditKeyAction</Filter>
    </ClInclude>
    <ClInclude Include="LeftArrowKey.h">
      <Filter>Separator\KeyAction\TextEditKeyAction</Filter>
    </ClInclude>
    <ClInclude Include="InsertKey.h">
      <Filter>Separator\KeyAction\TextEditKeyAction</Filter>
    </ClInclude>
    <ClInclude Include="HomeKey.h">
      <Filter>Separator\KeyAction\TextEditKeyAction</Filter>
    </ClInclude>
    <ClInclude Include="EscapeKey.h">
      <Filter>Separator\KeyAction\TextEditKeyAction</Filter>
    </ClInclude>
    <ClInclude Include="DownArrowKey.h">
      <Filter>Separator\KeyAction\TextEditKeyAction</Filter>
    </ClInclude>
    <ClInclude Include="EndKey.h">
      <Filter>Separator\KeyAction\TextEditKeyAction</Filter>
    </ClInclude>
    <ClInclude Include="EnterKey.h">
      <Filter>Separator\KeyAction\TextEditKeyAction</Filter>
    </ClInclude>
    <ClInclude Include="KeyAction.h">
      <Filter>Separator\KeyAction</Filter>
    </ClInclude>
    <ClInclude Include="KeyBoard.h">
      <Filter>Separator\KeyAction</Filter>
    </ClInclude>
    <ClInclude Include="ScrollAction.h">
      <Filter>ScrollBar</Filter>
    </ClInclude>
    <ClInclude Include="Scroll.h">
      <Filter>ScrollBar</Filter>
    </ClInclude>
    <ClInclude Include="DeleteKey.h">
      <Filter>Separator\KeyAction\TextEditKeyAction</Filter>
    </ClInclude>
    <ClInclude Include="AddTemplateKey.h">
      <Filter>Separator\KeyAction\GraphicKeyAction</Filter>
    </ClInclude>
    <ClInclude Include="AddReceptionKey.h">
      <Filter>Separator\KeyAction\GraphicKeyAction</Filter>
    </ClInclude>
    <ClInclude Include="RemoveReceptionKey.h">
      <Filter>Separator\KeyAction\GraphicKeyAction</Filter>
    </ClInclude>
    <ClInclude Include="AddAttributeKey.h">
      <Filter>Separator\KeyAction\GraphicKeyAction</Filter>
    </ClInclude>
    <ClInclude Include="RemoveAttributeKey.h">
      <Filter>Separator\KeyAction\GraphicKeyAction</Filter>
    </ClInclude>
    <ClInclude Include="AddMethodKey.h">
      <Filter>Separator\KeyAction\GraphicKeyAction</Filter>
    </ClInclude>
    <ClInclude Include="RemoveMethodKey.h">
      <Filter>Separator\KeyAction\GraphicKeyAction</Filter>
    </ClInclude>
    <ClInclude Include="RemoveTemplateKey.h">
      <Filter>Separator\KeyAction\GraphicKeyAction</Filter>
    </ClInclude>
    <ClInclude Include="GraphicCtrlAllKey.h">
      <Filter>Separator\KeyAction\GraphicKeyAction</Filter>
    </ClInclude>
    <ClInclude Include="GraphicCtrlRedoKey.h">
      <Filter>Separator\KeyAction\GraphicKeyAction</Filter>
    </ClInclude>
    <ClInclude Include="GraphicCtrlUndoKey.h">
      <Filter>Separator\KeyAction\GraphicKeyAction</Filter>
    </ClInclude>
    <ClInclude Include="OnHScrollEnd.h">
      <Filter>ScrollBar</Filter>
    </ClInclude>
    <ClInclude Include="OnHScrollLeft.h">
      <Filter>ScrollBar</Filter>
    </ClInclude>
    <ClInclude Include="OnHScrollLineLeft.h">
      <Filter>ScrollBar</Filter>
    </ClInclude>
    <ClInclude Include="OnHScrollLineRight.h">
      <Filter>ScrollBar</Filter>
    </ClInclude>
    <ClInclude Include="OnHScrollPageLeft.h">
      <Filter>ScrollBar</Filter>
    </ClInclude>
    <ClInclude Include="OnHScrollPageRight.h">
      <Filter>ScrollBar</Filter>
    </ClInclude>
    <ClInclude Include="OnHScrollRight.h">
      <Filter>ScrollBar</Filter>
    </ClInclude>
    <ClInclude Include="OnVScrollBottom.h">
      <Filter>ScrollBar</Filter>
    </ClInclude>
    <ClInclude Include="OnVScrollLineDown.h">
      <Filter>ScrollBar</Filter>
    </ClInclude>
    <ClInclude Include="OnVScrollLineUp.h">
      <Filter>ScrollBar</Filter>
    </ClInclude>
    <ClInclude Include="OnVScrollPageDown.h">
      <Filter>ScrollBar</Filter>
    </ClInclude>
    <ClInclude Include="OnVScrollPageUp.h">
      <Filter>ScrollBar</Filter>
    </ClInclude>
    <ClInclude Include="OnVScrollTop.h">
      <Filter>ScrollBar</Filter>
    </ClInclude>
    <ClInclude Include="OnVScrollEnd.h">
      <Filter>ScrollBar</Filter>
    </ClInclude>
    <ClInclude Include="GraphicCtrlPasteKey.h">
      <Filter>Separator\KeyAction\GraphicKeyAction</Filter>
    </ClInclude>
    <ClInclude Include="GraphicCtrlCopyKey.h">
      <Filter>Separator\KeyAction\GraphicKeyAction</Filter>
    </ClInclude>
    <ClInclude Include="GraphicCtrlCutKey.h">
      <Filter>Separator\KeyAction\GraphicKeyAction</Filter>
    </ClInclude>
    <ClInclude Include="EditResizerBlocker.h">
      <Filter>Separator\TextEdit</Filter>
    </ClInclude>
    <ClInclude Include="CtrlNewKey.h">
      <Filter>Separator\KeyAction\GraphicKeyAction</Filter>
    </ClInclude>
    <ClInclude Include="CtrlOpenKey.h">
      <Filter>Separator\KeyAction\GraphicKeyAction</Filter>
    </ClInclude>
    <ClInclude Include="CtrlPreviewKey.h">
      <Filter>Separator\KeyAction\GraphicKeyAction</Filter>
    </ClInclude>
    <ClInclude Include="CtrlPrintKey.h">
      <Filter>Separator\KeyAction\GraphicKeyAction</Filter>
    </ClInclude>
    <ClInclude Include="CtrlSaveKey.h">
      <Filter>Separator\KeyAction\GraphicKeyAction</Filter>
    </ClInclude>
    <ClInclude Include="DeleteGraphicKey.h">
      <Filter>Separator\KeyAction\GraphicKeyAction</Filter>
    </ClInclude>
    <ClInclude Include="F1HelpKey.h">
      <Filter>Separator\KeyAction\GraphicKeyAction</Filter>
    </ClInclude>
    <ClInclude Include="GraphicCtrlDeleteKey.h">
      <Filter>Separator\KeyAction\GraphicKeyAction</Filter>
    </ClInclude>
    <ClInclude Include="GraphicDownArrowKey.h">
      <Filter>Separator\KeyAction\GraphicKeyAction</Filter>
    </ClInclude>
    <ClInclude Include="GraphicLeftArrowKey.h">
      <Filter>Separator\KeyAction\GraphicKeyAction</Filter>
    </ClInclude>
    <ClInclude Include="GraphicRightArrowKey.h">
      <Filter>Separator\KeyAction\GraphicKeyAction</Filter>
    </ClInclude>
    <ClInclude Include="GraphicUpArrowKey.h">
      <Filter>Separator\KeyAction\GraphicKeyAction</Filter>
    </ClInclude>
    <ClInclude Include="TextEdit.h">
      <Filter>Separator\TextEdit</Filter>
    </ClInclude>
    <ClInclude Include="resource.h">
      <Filter>Resource</Filter>
    </ClInclude>
    <ClInclude Include="Array.h">
      <Filter>Separator\Iter, Visi, App, etc</Filter>
    </ClInclude>
    <ClInclude Include="ArrayIterator.h">
      <Filter>Separator\Iter, Visi, App, etc</Filter>
    </ClInclude>
    <ClInclude Include="Iterator.h">
      <Filter>Separator\Iter, Visi, App, etc</Filter>
    </ClInclude>
    <ClInclude Include="SmartPointer.h">
      <Filter>Separator\Iter, Visi, App, etc</Filter>
    </ClInclude>
    <ClInclude Include="Visitor.h">
      <Filter>Separator\Iter, Visi, App, etc</Filter>
    </ClInclude>
    <ClInclude Include="LastClass.h" />
    <ClInclude Include="ClassDiagramForm.h" />
    <ClInclude Include="LastClassApp.h" />
  </ItemGroup>
  <ItemGroup>
    <ClCompile Include="Text.cpp">
      <Filter>Separator\TextEdit</Filter>
    </ClCompile>
    <ClCompile Include="TextAreaSelected.cpp">
      <Filter>Separator\TextEdit</Filter>
    </ClCompile>
    <ClCompile Include="TextComponent.cpp">
      <Filter>Separator\TextEdit</Filter>
    </ClCompile>
    <ClCompile Include="TextComposite.cpp">
      <Filter>Separator\TextEdit</Filter>
    </ClCompile>
    <ClCompile Include="SingleByteCharacter.cpp">
      <Filter>Separator\TextEdit</Filter>
    </ClCompile>
    <ClCompile Include="Row.cpp">
      <Filter>Separator\TextEdit</Filter>
    </ClCompile>
    <ClCompile Include="HistoryText.cpp">
      <Filter>Separator\TextEdit</Filter>
    </ClCompile>
    <ClCompile Include="DoubleByteCharacter.cpp">
      <Filter>Separator\TextEdit</Filter>
    </ClCompile>
    <ClCompile Include="Caret.cpp">
      <Filter>Separator\TextEdit</Filter>
    </ClCompile>
    <ClCompile Include="Character.cpp">
      <Filter>Separator\TextEdit</Filter>
    </ClCompile>
    <ClCompile Include="DeleteTextAreaSelected.cpp">
      <Filter>Separator\TextEdit</Filter>
    </ClCompile>
    <ClCompile Include="DeleteTextArea.cpp">
      <Filter>Separator\TextEdit</Filter>
    </ClCompile>
    <ClCompile Include="WriteKoreanTextProcess.cpp">
      <Filter>Separator\TextEdit</Filter>
    </ClCompile>
    <ClCompile Include="WriteKoreanText.cpp">
      <Filter>Separator\TextEdit</Filter>
    </ClCompile>
    <ClCompile Include="DoubleClickTextArea.cpp">
      <Filter>Separator\TextEdit</Filter>
    </ClCompile>
    <ClCompile Include="DoubleClickTextAreaProcess.cpp">
      <Filter>Separator\TextEdit</Filter>
    </ClCompile>
    <ClCompile Include="TextAreaSelectedProcess.cpp">
      <Filter>Separator\TextEdit</Filter>
    </ClCompile>
    <ClCompile Include="FontSet.cpp">
      <Filter>Separator\TextEdit</Filter>
    </ClCompile>
    <ClCompile Include="EditResizer.cpp">
      <Filter>Separator\TextEdit</Filter>
    </ClCompile>
    <ClCompile Include="EditResizerProcess.cpp">
      <Filter>Separator\TextEdit</Filter>
    </ClCompile>
    <ClCompile Include="BackSpaceKey.cpp">
      <Filter>Separator\KeyAction\TextEditKeyAction</Filter>
    </ClCompile>
    <ClCompile Include="CtrlAllKey.cpp">
      <Filter>Separator\KeyAction\TextEditKeyAction</Filter>
    </ClCompile>
    <ClCompile Include="CtrlCopyKey.cpp">
      <Filter>Separator\KeyAction\TextEditKeyAction</Filter>
    </ClCompile>
    <ClCompile Include="CtrlCutKey.cpp">
      <Filter>Separator\KeyAction\TextEditKeyAction</Filter>
    </ClCompile>
    <ClCompile Include="CtrlEnterKey.cpp">
      <Filter>Separator\KeyAction\TextEditKeyAction</Filter>
    </ClCompile>
    <ClCompile Include="CtrlPasteKey.cpp">
      <Filter>Separator\KeyAction\TextEditKeyAction</Filter>
    </ClCompile>
    <ClCompile Include="CtrlUndoTextKey.cpp">
      <Filter>Separator\KeyAction\TextEditKeyAction</Filter>
    </ClCompile>
    <ClCompile Include="UpArrowKey.cpp">
      <Filter>Separator\KeyAction\TextEditKeyAction</Filter>
    </ClCompile>
    <ClCompile Include="TabKey.cpp">
      <Filter>Separator\KeyAction\TextEditKeyAction</Filter>
    </ClCompile>
    <ClCompile Include="SpaceKey.cpp">
      <Filter>Separator\KeyAction\TextEditKeyAction</Filter>
    </ClCompile>
    <ClCompile Include="RightArrowKey.cpp">
      <Filter>Separator\KeyAction\TextEditKeyAction</Filter>
    </ClCompile>
    <ClCompile Include="PlusKey.cpp">
      <Filter>Separator\KeyAction\TextEditKeyAction</Filter>
    </ClCompile>
    <ClCompile Include="MinusKey.cpp">
      <Filter>Separator\KeyAction\TextEditKeyAction</Filter>
    </ClCompile>
    <ClCompile Include="LeftArrowKey.cpp">
      <Filter>Separator\KeyAction\TextEditKeyAction</Filter>
    </ClCompile>
    <ClCompile Include="HomeKey.cpp">
      <Filter>Separator\KeyAction\TextEditKeyAction</Filter>
    </ClCompile>
    <ClCompile Include="InsertKey.cpp">
      <Filter>Separator\KeyAction\TextEditKeyAction</Filter>
    </ClCompile>
    <ClCompile Include="DownArrowKey.cpp">
      <Filter>Separator\KeyAction\TextEditKeyAction</Filter>
    </ClCompile>
    <ClCompile Include="EndKey.cpp">
      <Filter>Separator\KeyAction\TextEditKeyAction</Filter>
    </ClCompile>
    <ClCompile Include="EnterKey.cpp">
      <Filter>Separator\KeyAction\TextEditKeyAction</Filter>
    </ClCompile>
    <ClCompile Include="EscapeKey.cpp">
      <Filter>Separator\KeyAction\TextEditKeyAction</Filter>
    </ClCompile>
    <ClCompile Include="KeyAction.cpp">
      <Filter>Separator\KeyAction</Filter>
    </ClCompile>
    <ClCompile Include="KeyBoard.cpp">
      <Filter>Separator\KeyAction</Filter>
    </ClCompile>
    <ClCompile Include="Scroll.cpp">
      <Filter>ScrollBar</Filter>
    </ClCompile>
    <ClCompile Include="ScrollAction.cpp">
      <Filter>ScrollBar</Filter>
    </ClCompile>
    <ClCompile Include="DeleteKey.cpp">
      <Filter>Separator\KeyAction\TextEditKeyAction</Filter>
    </ClCompile>
    <ClCompile Include="AddTemplateKey.cpp">
      <Filter>Separator\KeyAction\GraphicKeyAction</Filter>
    </ClCompile>
    <ClCompile Include="AddReceptionKey.cpp">
      <Filter>Separator\KeyAction\GraphicKeyAction</Filter>
    </ClCompile>
    <ClCompile Include="RemoveReceptionKey.cpp">
      <Filter>Separator\KeyAction\GraphicKeyAction</Filter>
    </ClCompile>
    <ClCompile Include="AddAttributeKey.cpp">
      <Filter>Separator\KeyAction\GraphicKeyAction</Filter>
    </ClCompile>
    <ClCompile Include="RemoveAttributeKey.cpp">
      <Filter>Separator\KeyAction\GraphicKeyAction</Filter>
    </ClCompile>
    <ClCompile Include="AddMethodKey.cpp">
      <Filter>Separator\KeyAction\GraphicKeyAction</Filter>
    </ClCompile>
    <ClCompile Include="RemoveMethodKey.cpp">
      <Filter>Separator\KeyAction\GraphicKeyAction</Filter>
    </ClCompile>
    <ClCompile Include="RemoveTemplateKey.cpp">
      <Filter>Separator\KeyAction\GraphicKeyAction</Filter>
    </ClCompile>
    <ClCompile Include="GraphicCtrlRedoKey.cpp">
      <Filter>Separator\KeyAction\GraphicKeyAction</Filter>
    </ClCompile>
    <ClCompile Include="GraphicCtrlUndoKey.cpp">
      <Filter>Separator\KeyAction\GraphicKeyAction</Filter>
    </ClCompile>
    <ClCompile Include="GraphicCtrlAllKey.cpp">
      <Filter>Separator\KeyAction\GraphicKeyAction</Filter>
    </ClCompile>
    <ClCompile Include="WritingVisitor.cpp">
      <Filter>Separator\TextEdit</Filter>
    </ClCompile>
    <ClCompile Include="OnHScrollEnd.cpp">
      <Filter>ScrollBar</Filter>
    </ClCompile>
    <ClCompile Include="OnHScrollLeft.cpp">
      <Filter>ScrollBar</Filter>
    </ClCompile>
    <ClCompile Include="OnHScrollLineLeft.cpp">
      <Filter>ScrollBar</Filter>
    </ClCompile>
    <ClCompile Include="OnHScrollLineRight.cpp">
      <Filter>ScrollBar</Filter>
    </ClCompile>
    <ClCompile Include="OnHScrollPageLeft.cpp">
      <Filter>ScrollBar</Filter>
    </ClCompile>
    <ClCompile Include="OnHScrollPageRight.cpp">
      <Filter>ScrollBar</Filter>
    </ClCompile>
    <ClCompile Include="OnHScrollRight.cpp">
      <Filter>ScrollBar</Filter>
    </ClCompile>
    <ClCompile Include="OnVScrollBottom.cpp">
      <Filter>ScrollBar</Filter>
    </ClCompile>
    <ClCompile Include="OnVScrollLineDown.cpp">
      <Filter>ScrollBar</Filter>
    </ClCompile>
    <ClCompile Include="OnVScrollLineUp.cpp">
      <Filter>ScrollBar</Filter>
    </ClCompile>
    <ClCompile Include="OnVScrollPageDown.cpp">
      <Filter>ScrollBar</Filter>
    </ClCompile>
    <ClCompile Include="OnVScrollPageUp.cpp">
      <Filter>ScrollBar</Filter>
    </ClCompile>
    <ClCompile Include="OnVScrollTop.cpp">
      <Filter>ScrollBar</Filter>
    </ClCompile>
    <ClCompile Include="OnVScrollEnd.cpp">
      <Filter>ScrollBar</Filter>
    </ClCompile>
    <ClCompile Include="GraphicCtrlCopyKey.cpp">
      <Filter>Separator\KeyAction\GraphicKeyAction</Filter>
    </ClCompile>
    <ClCompile Include="GraphicCtrlCutKey.cpp">
      <Filter>Separator\KeyAction\GraphicKeyAction</Filter>
    </ClCompile>
    <ClCompile Include="CtrlNewKey.cpp">
      <Filter>Separator\KeyAction\GraphicKeyAction</Filter>
    </ClCompile>
    <ClCompile Include="CtrlOpenKey.cpp">
      <Filter>Separator\KeyAction\GraphicKeyAction</Filter>
    </ClCompile>
    <ClCompile Include="CtrlPreviewKey.cpp">
      <Filter>Separator\KeyAction\GraphicKeyAction</Filter>
    </ClCompile>
    <ClCompile Include="CtrlPrintKey.cpp">
      <Filter>Separator\KeyAction\GraphicKeyAction</Filter>
    </ClCompile>
    <ClCompile Include="CtrlSaveKey.cpp">
      <Filter>Separator\KeyAction\GraphicKeyAction</Filter>
    </ClCompile>
    <ClCompile Include="DeleteGraphicKey.cpp">
      <Filter>Separator\KeyAction\GraphicKeyAction</Filter>
    </ClCompile>
    <ClCompile Include="F1HelpKey.cpp">
      <Filter>Separator\KeyAction\GraphicKeyAction</Filter>
    </ClCompile>
    <ClCompile Include="GraphicCtrlDeleteKey.cpp">
      <Filter>Separator\KeyAction\GraphicKeyAction</Filter>
    </ClCompile>
    <ClCompile Include="TextEdit.cpp">
      <Filter>Separator\TextEdit</Filter>
    </ClCompile>
    <ClCompile Include="EditResizerBlocker.cpp">
      <Filter>Separator\TextEdit</Filter>
    </ClCompile>
    <ClCompile Include="GraphicUpArrowKey.cpp">
      <Filter>Separator\KeyAction\GraphicKeyAction</Filter>
    </ClCompile>
    <ClCompile Include="GraphicDownArrowKey.cpp">
      <Filter>Separator\KeyAction\GraphicKeyAction</Filter>
    </ClCompile>
    <ClCompile Include="GraphicleftArrowKey.cpp">
      <Filter>Separator\KeyAction\GraphicKeyAction</Filter>
    </ClCompile>
    <ClCompile Include="GraphicRightArrowKey.cpp">
      <Filter>Separator\KeyAction\GraphicKeyAction</Filter>
    </ClCompile>
    <ClCompile Include="GraphicCtrlPasteKey.cpp">
      <Filter>Separator\KeyAction\GraphicKeyAction</Filter>
    </ClCompile>
    <ClCompile Include="CtrlRedoTextKey.cpp">
      <Filter>Separator\KeyAction\TextEditKeyAction</Filter>
    </ClCompile>
    <ClCompile Include="ArrayIterator.cpp">
      <Filter>Separator\Iter, Visi, App, etc</Filter>
    </ClCompile>
    <ClCompile Include="Visitor.cpp">
      <Filter>Separator\Iter, Visi, App, etc</Filter>
    </ClCompile>
    <ClCompile Include="ClassDiagramForm.cpp" />
    <ClCompile Include="LastClass.cpp" />
    <ClCompile Include="LastClassApp.cpp" />
  </ItemGroup>
  <ItemGroup>
    <ResourceCompile Include="LastClass.rc">
      <Filter>Resource</Filter>
    </ResourceCompile>
  </ItemGroup>
</Project>